// !$*UTF8*$!
{
	archiveVersion = 1;
	classes = {
	};
	objectVersion = 46;
	objects = {

/* Begin PBXBuildFile section */
		DC544426B6E01290AC51E6EB /* Pods_LocationTrackingDemo.framework in Frameworks */ = {isa = PBXBuildFile; fileRef = 645E52B5FDE7F57396A6045B /* Pods_LocationTrackingDemo.framework */; };
		EA331B591F6640A800A9415B /* SearchPlacesCustomView.m in Sources */ = {isa = PBXBuildFile; fileRef = EA331B581F6640A800A9415B /* SearchPlacesCustomView.m */; };
		EA6923171F629F1A008B9FF9 /* DirectionDetailEntity.m in Sources */ = {isa = PBXBuildFile; fileRef = EA6923161F629F1A008B9FF9 /* DirectionDetailEntity.m */; };
		EA69231A1F62A5B8008B9FF9 /* DetailCustomView.m in Sources */ = {isa = PBXBuildFile; fileRef = EA6923191F62A5B8008B9FF9 /* DetailCustomView.m */; };
		EA72BA681F5F967500A74EEF /* main.m in Sources */ = {isa = PBXBuildFile; fileRef = EA72BA671F5F967500A74EEF /* main.m */; };
		EA72BA6B1F5F967500A74EEF /* AppDelegate.m in Sources */ = {isa = PBXBuildFile; fileRef = EA72BA6A1F5F967500A74EEF /* AppDelegate.m */; };
		EA72BA6E1F5F967500A74EEF /* ViewController.m in Sources */ = {isa = PBXBuildFile; fileRef = EA72BA6D1F5F967500A74EEF /* ViewController.m */; };
		EA72BA711F5F967500A74EEF /* Main.storyboard in Resources */ = {isa = PBXBuildFile; fileRef = EA72BA6F1F5F967500A74EEF /* Main.storyboard */; };
		EA72BA731F5F967500A74EEF /* Assets.xcassets in Resources */ = {isa = PBXBuildFile; fileRef = EA72BA721F5F967500A74EEF /* Assets.xcassets */; };
		EA72BA761F5F967500A74EEF /* LaunchScreen.storyboard in Resources */ = {isa = PBXBuildFile; fileRef = EA72BA741F5F967500A74EEF /* LaunchScreen.storyboard */; };
		EA72BA811F5F967500A74EEF /* LocationTrackingDemoTests.m in Sources */ = {isa = PBXBuildFile; fileRef = EA72BA801F5F967500A74EEF /* LocationTrackingDemoTests.m */; };
		EA72BA8C1F5F967500A74EEF /* LocationTrackingDemoUITests.m in Sources */ = {isa = PBXBuildFile; fileRef = EA72BA8B1F5F967500A74EEF /* LocationTrackingDemoUITests.m */; };
		EA72BA9B1F5FD56F00A74EEF /* DirectionCustomView.m in Sources */ = {isa = PBXBuildFile; fileRef = EA72BA9A1F5FD56F00A74EEF /* DirectionCustomView.m */; };
		EA72BAA01F5FFA3100A74EEF /* AnimationViewController.m in Sources */ = {isa = PBXBuildFile; fileRef = EA72BA9F1F5FFA3100A74EEF /* AnimationViewController.m */; };
		EA7D93751F60F7840064C95E /* GoogleMapManager.m in Sources */ = {isa = PBXBuildFile; fileRef = EA7D93741F60F7840064C95E /* GoogleMapManager.m */; };
		EA7D93781F60FEF80064C95E /* SupportManager.m in Sources */ = {isa = PBXBuildFile; fileRef = EA7D93771F60FEF80064C95E /* SupportManager.m */; };
		EA7D937C1F61537D0064C95E /* SearchResultsTableViewSource.m in Sources */ = {isa = PBXBuildFile; fileRef = EA7D937B1F61537D0064C95E /* SearchResultsTableViewSource.m */; };
		EA7D93801F6155FC0064C95E /* SearchResultTableViewCell.m in Sources */ = {isa = PBXBuildFile; fileRef = EA7D937F1F6155FC0064C95E /* SearchResultTableViewCell.m */; };
		EA7D93841F615FFB0064C95E /* SearchResultEntity.m in Sources */ = {isa = PBXBuildFile; fileRef = EA7D93831F615FFB0064C95E /* SearchResultEntity.m */; };
		EA7D93871F6169B00064C95E /* ThreadSafeForMutableArray.m in Sources */ = {isa = PBXBuildFile; fileRef = EA7D93861F6169B00064C95E /* ThreadSafeForMutableArray.m */; };
		EADA1B981F666C10005A4069 /* CompoboxCustomView.m in Sources */ = {isa = PBXBuildFile; fileRef = EADA1B971F666C10005A4069 /* CompoboxCustomView.m */; };
		EADA1B9C1F6678BA005A4069 /* CompoboxTableViewSource.m in Sources */ = {isa = PBXBuildFile; fileRef = EADA1B9B1F6678BA005A4069 /* CompoboxTableViewSource.m */; };
		EADA1B9F1F66A829005A4069 /* SearchNearbyEntity.m in Sources */ = {isa = PBXBuildFile; fileRef = EADA1B9E1F66A829005A4069 /* SearchNearbyEntity.m */; };
/* End PBXBuildFile section */

/* Begin PBXContainerItemProxy section */
		EA72BA7D1F5F967500A74EEF /* PBXContainerItemProxy */ = {
			isa = PBXContainerItemProxy;
			containerPortal = EA72BA5B1F5F967500A74EEF /* Project object */;
			proxyType = 1;
			remoteGlobalIDString = EA72BA621F5F967500A74EEF;
			remoteInfo = LocationTrackingDemo;
		};
		EA72BA881F5F967500A74EEF /* PBXContainerItemProxy */ = {
			isa = PBXContainerItemProxy;
			containerPortal = EA72BA5B1F5F967500A74EEF /* Project object */;
			proxyType = 1;
			remoteGlobalIDString = EA72BA621F5F967500A74EEF;
			remoteInfo = LocationTrackingDemo;
		};
/* End PBXContainerItemProxy section */

/* Begin PBXFileReference section */
		43F6D66067A82774E6C4DA5D /* Pods-LocationTrackingDemo.debug.xcconfig */ = {isa = PBXFileReference; includeInIndex = 1; lastKnownFileType = text.xcconfig; name = "Pods-LocationTrackingDemo.debug.xcconfig"; path = "Pods/Target Support Files/Pods-LocationTrackingDemo/Pods-LocationTrackingDemo.debug.xcconfig"; sourceTree = "<group>"; };
		645E52B5FDE7F57396A6045B /* Pods_LocationTrackingDemo.framework */ = {isa = PBXFileReference; explicitFileType = wrapper.framework; includeInIndex = 0; path = Pods_LocationTrackingDemo.framework; sourceTree = BUILT_PRODUCTS_DIR; };
		8D50E617F41BCDDF95A11D92 /* Pods-LocationTrackingDemo.release.xcconfig */ = {isa = PBXFileReference; includeInIndex = 1; lastKnownFileType = text.xcconfig; name = "Pods-LocationTrackingDemo.release.xcconfig"; path = "Pods/Target Support Files/Pods-LocationTrackingDemo/Pods-LocationTrackingDemo.release.xcconfig"; sourceTree = "<group>"; };
		EA331B571F6640A800A9415B /* SearchPlacesCustomView.h */ = {isa = PBXFileReference; fileEncoding = 4; lastKnownFileType = sourcecode.c.h; path = SearchPlacesCustomView.h; sourceTree = "<group>"; };
		EA331B581F6640A800A9415B /* SearchPlacesCustomView.m */ = {isa = PBXFileReference; fileEncoding = 4; lastKnownFileType = sourcecode.c.objc; path = SearchPlacesCustomView.m; sourceTree = "<group>"; };
		EA6923151F629F1A008B9FF9 /* DirectionDetailEntity.h */ = {isa = PBXFileReference; fileEncoding = 4; lastKnownFileType = sourcecode.c.h; path = DirectionDetailEntity.h; sourceTree = "<group>"; };
		EA6923161F629F1A008B9FF9 /* DirectionDetailEntity.m */ = {isa = PBXFileReference; fileEncoding = 4; lastKnownFileType = sourcecode.c.objc; path = DirectionDetailEntity.m; sourceTree = "<group>"; };
		EA6923181F62A5B8008B9FF9 /* DetailCustomView.h */ = {isa = PBXFileReference; fileEncoding = 4; lastKnownFileType = sourcecode.c.h; path = DetailCustomView.h; sourceTree = "<group>"; };
		EA6923191F62A5B8008B9FF9 /* DetailCustomView.m */ = {isa = PBXFileReference; fileEncoding = 4; lastKnownFileType = sourcecode.c.objc; path = DetailCustomView.m; sourceTree = "<group>"; };
		EA69231B1F62B2FD008B9FF9 /* DetailCustomViewDelegate.h */ = {isa = PBXFileReference; lastKnownFileType = sourcecode.c.h; path = DetailCustomViewDelegate.h; sourceTree = "<group>"; };
		EA72BA631F5F967500A74EEF /* LocationTrackingDemo.app */ = {isa = PBXFileReference; explicitFileType = wrapper.application; includeInIndex = 0; path = LocationTrackingDemo.app; sourceTree = BUILT_PRODUCTS_DIR; };
		EA72BA671F5F967500A74EEF /* main.m */ = {isa = PBXFileReference; lastKnownFileType = sourcecode.c.objc; path = main.m; sourceTree = "<group>"; };
		EA72BA691F5F967500A74EEF /* AppDelegate.h */ = {isa = PBXFileReference; lastKnownFileType = sourcecode.c.h; path = AppDelegate.h; sourceTree = "<group>"; };
		EA72BA6A1F5F967500A74EEF /* AppDelegate.m */ = {isa = PBXFileReference; lastKnownFileType = sourcecode.c.objc; path = AppDelegate.m; sourceTree = "<group>"; };
		EA72BA6C1F5F967500A74EEF /* ViewController.h */ = {isa = PBXFileReference; lastKnownFileType = sourcecode.c.h; path = ViewController.h; sourceTree = "<group>"; };
		EA72BA6D1F5F967500A74EEF /* ViewController.m */ = {isa = PBXFileReference; lastKnownFileType = sourcecode.c.objc; path = ViewController.m; sourceTree = "<group>"; };
		EA72BA701F5F967500A74EEF /* Base */ = {isa = PBXFileReference; lastKnownFileType = file.storyboard; name = Base; path = Base.lproj/Main.storyboard; sourceTree = "<group>"; };
		EA72BA721F5F967500A74EEF /* Assets.xcassets */ = {isa = PBXFileReference; lastKnownFileType = folder.assetcatalog; path = Assets.xcassets; sourceTree = "<group>"; };
		EA72BA751F5F967500A74EEF /* Base */ = {isa = PBXFileReference; lastKnownFileType = file.storyboard; name = Base; path = Base.lproj/LaunchScreen.storyboard; sourceTree = "<group>"; };
		EA72BA771F5F967500A74EEF /* Info.plist */ = {isa = PBXFileReference; lastKnownFileType = text.plist.xml; path = Info.plist; sourceTree = "<group>"; };
		EA72BA7C1F5F967500A74EEF /* LocationTrackingDemoTests.xctest */ = {isa = PBXFileReference; explicitFileType = wrapper.cfbundle; includeInIndex = 0; path = LocationTrackingDemoTests.xctest; sourceTree = BUILT_PRODUCTS_DIR; };
		EA72BA801F5F967500A74EEF /* LocationTrackingDemoTests.m */ = {isa = PBXFileReference; lastKnownFileType = sourcecode.c.objc; path = LocationTrackingDemoTests.m; sourceTree = "<group>"; };
		EA72BA821F5F967500A74EEF /* Info.plist */ = {isa = PBXFileReference; lastKnownFileType = text.plist.xml; path = Info.plist; sourceTree = "<group>"; };
		EA72BA871F5F967500A74EEF /* LocationTrackingDemoUITests.xctest */ = {isa = PBXFileReference; explicitFileType = wrapper.cfbundle; includeInIndex = 0; path = LocationTrackingDemoUITests.xctest; sourceTree = BUILT_PRODUCTS_DIR; };
		EA72BA8B1F5F967500A74EEF /* LocationTrackingDemoUITests.m */ = {isa = PBXFileReference; lastKnownFileType = sourcecode.c.objc; path = LocationTrackingDemoUITests.m; sourceTree = "<group>"; };
		EA72BA8D1F5F967500A74EEF /* Info.plist */ = {isa = PBXFileReference; lastKnownFileType = text.plist.xml; path = Info.plist; sourceTree = "<group>"; };
		EA72BA991F5FD56F00A74EEF /* DirectionCustomView.h */ = {isa = PBXFileReference; fileEncoding = 4; lastKnownFileType = sourcecode.c.h; path = DirectionCustomView.h; sourceTree = "<group>"; };
		EA72BA9A1F5FD56F00A74EEF /* DirectionCustomView.m */ = {isa = PBXFileReference; fileEncoding = 4; lastKnownFileType = sourcecode.c.objc; path = DirectionCustomView.m; sourceTree = "<group>"; };
		EA72BA9C1F5FE4E600A74EEF /* Constants.h */ = {isa = PBXFileReference; lastKnownFileType = sourcecode.c.h; path = Constants.h; sourceTree = "<group>"; };
		EA72BA9D1F5FE51F00A74EEF /* DirectionCustomViewDelegate.h */ = {isa = PBXFileReference; lastKnownFileType = sourcecode.c.h; path = DirectionCustomViewDelegate.h; sourceTree = "<group>"; };
		EA72BA9E1F5FFA3100A74EEF /* AnimationViewController.h */ = {isa = PBXFileReference; fileEncoding = 4; lastKnownFileType = sourcecode.c.h; path = AnimationViewController.h; sourceTree = "<group>"; };
		EA72BA9F1F5FFA3100A74EEF /* AnimationViewController.m */ = {isa = PBXFileReference; fileEncoding = 4; lastKnownFileType = sourcecode.c.objc; path = AnimationViewController.m; sourceTree = "<group>"; };
		EA7D93731F60F7840064C95E /* GoogleMapManager.h */ = {isa = PBXFileReference; fileEncoding = 4; lastKnownFileType = sourcecode.c.h; path = GoogleMapManager.h; sourceTree = "<group>"; };
		EA7D93741F60F7840064C95E /* GoogleMapManager.m */ = {isa = PBXFileReference; fileEncoding = 4; lastKnownFileType = sourcecode.c.objc; path = GoogleMapManager.m; sourceTree = "<group>"; };
		EA7D93761F60FEF80064C95E /* SupportManager.h */ = {isa = PBXFileReference; fileEncoding = 4; lastKnownFileType = sourcecode.c.h; path = SupportManager.h; sourceTree = "<group>"; };
		EA7D93771F60FEF80064C95E /* SupportManager.m */ = {isa = PBXFileReference; fileEncoding = 4; lastKnownFileType = sourcecode.c.objc; path = SupportManager.m; sourceTree = "<group>"; };
		EA7D937A1F61537D0064C95E /* SearchResultsTableViewSource.h */ = {isa = PBXFileReference; fileEncoding = 4; lastKnownFileType = sourcecode.c.h; path = SearchResultsTableViewSource.h; sourceTree = "<group>"; };
		EA7D937B1F61537D0064C95E /* SearchResultsTableViewSource.m */ = {isa = PBXFileReference; fileEncoding = 4; lastKnownFileType = sourcecode.c.objc; path = SearchResultsTableViewSource.m; sourceTree = "<group>"; };
		EA7D937E1F6155FC0064C95E /* SearchResultTableViewCell.h */ = {isa = PBXFileReference; fileEncoding = 4; lastKnownFileType = sourcecode.c.h; path = SearchResultTableViewCell.h; sourceTree = "<group>"; };
		EA7D937F1F6155FC0064C95E /* SearchResultTableViewCell.m */ = {isa = PBXFileReference; fileEncoding = 4; lastKnownFileType = sourcecode.c.objc; path = SearchResultTableViewCell.m; sourceTree = "<group>"; };
		EA7D93821F615FFB0064C95E /* SearchResultEntity.h */ = {isa = PBXFileReference; fileEncoding = 4; lastKnownFileType = sourcecode.c.h; path = SearchResultEntity.h; sourceTree = "<group>"; };
		EA7D93831F615FFB0064C95E /* SearchResultEntity.m */ = {isa = PBXFileReference; fileEncoding = 4; lastKnownFileType = sourcecode.c.objc; path = SearchResultEntity.m; sourceTree = "<group>"; };
		EA7D93851F6169B00064C95E /* ThreadSafeForMutableArray.h */ = {isa = PBXFileReference; fileEncoding = 4; lastKnownFileType = sourcecode.c.h; path = ThreadSafeForMutableArray.h; sourceTree = "<group>"; };
		EA7D93861F6169B00064C95E /* ThreadSafeForMutableArray.m */ = {isa = PBXFileReference; fileEncoding = 4; lastKnownFileType = sourcecode.c.objc; path = ThreadSafeForMutableArray.m; sourceTree = "<group>"; };
		EA7D93891F616CB60064C95E /* SearchResultsTableViewDelegate.h */ = {isa = PBXFileReference; lastKnownFileType = sourcecode.c.h; path = SearchResultsTableViewDelegate.h; sourceTree = "<group>"; };
		EADA1B961F666C10005A4069 /* CompoboxCustomView.h */ = {isa = PBXFileReference; fileEncoding = 4; lastKnownFileType = sourcecode.c.h; path = CompoboxCustomView.h; sourceTree = "<group>"; };
		EADA1B971F666C10005A4069 /* CompoboxCustomView.m */ = {isa = PBXFileReference; fileEncoding = 4; lastKnownFileType = sourcecode.c.objc; path = CompoboxCustomView.m; sourceTree = "<group>"; };
		EADA1B991F667027005A4069 /* CompoboxCustomViewDelegate.h */ = {isa = PBXFileReference; lastKnownFileType = sourcecode.c.h; path = CompoboxCustomViewDelegate.h; sourceTree = "<group>"; };
		EADA1B9A1F6678BA005A4069 /* CompoboxTableViewSource.h */ = {isa = PBXFileReference; fileEncoding = 4; lastKnownFileType = sourcecode.c.h; path = CompoboxTableViewSource.h; sourceTree = "<group>"; };
		EADA1B9B1F6678BA005A4069 /* CompoboxTableViewSource.m */ = {isa = PBXFileReference; fileEncoding = 4; lastKnownFileType = sourcecode.c.objc; path = CompoboxTableViewSource.m; sourceTree = "<group>"; };
		EADA1B9D1F66A829005A4069 /* SearchNearbyEntity.h */ = {isa = PBXFileReference; fileEncoding = 4; lastKnownFileType = sourcecode.c.h; path = SearchNearbyEntity.h; sourceTree = "<group>"; };
		EADA1B9E1F66A829005A4069 /* SearchNearbyEntity.m */ = {isa = PBXFileReference; fileEncoding = 4; lastKnownFileType = sourcecode.c.objc; path = SearchNearbyEntity.m; sourceTree = "<group>"; };
/* End PBXFileReference section */

/* Begin PBXFrameworksBuildPhase section */
		EA72BA601F5F967500A74EEF /* Frameworks */ = {
			isa = PBXFrameworksBuildPhase;
			buildActionMask = 2147483647;
			files = (
				DC544426B6E01290AC51E6EB /* Pods_LocationTrackingDemo.framework in Frameworks */,
			);
			runOnlyForDeploymentPostprocessing = 0;
		};
		EA72BA791F5F967500A74EEF /* Frameworks */ = {
			isa = PBXFrameworksBuildPhase;
			buildActionMask = 2147483647;
			files = (
			);
			runOnlyForDeploymentPostprocessing = 0;
		};
		EA72BA841F5F967500A74EEF /* Frameworks */ = {
			isa = PBXFrameworksBuildPhase;
			buildActionMask = 2147483647;
			files = (
			);
			runOnlyForDeploymentPostprocessing = 0;
		};
/* End PBXFrameworksBuildPhase section */

/* Begin PBXGroup section */
		AD68B0A38594E9354E53CCB0 /* Pods */ = {
			isa = PBXGroup;
			children = (
				43F6D66067A82774E6C4DA5D /* Pods-LocationTrackingDemo.debug.xcconfig */,
				8D50E617F41BCDDF95A11D92 /* Pods-LocationTrackingDemo.release.xcconfig */,
			);
			name = Pods;
			sourceTree = "<group>";
		};
		DBB02CFB6ABDAA87FC37FAFD /* Frameworks */ = {
			isa = PBXGroup;
			children = (
				645E52B5FDE7F57396A6045B /* Pods_LocationTrackingDemo.framework */,
			);
			name = Frameworks;
			sourceTree = "<group>";
		};
		EA72BA5A1F5F967500A74EEF = {
			isa = PBXGroup;
			children = (
				EA72BA651F5F967500A74EEF /* LocationTrackingDemo */,
				EA72BA7F1F5F967500A74EEF /* LocationTrackingDemoTests */,
				EA72BA8A1F5F967500A74EEF /* LocationTrackingDemoUITests */,
				EA72BA641F5F967500A74EEF /* Products */,
				AD68B0A38594E9354E53CCB0 /* Pods */,
				DBB02CFB6ABDAA87FC37FAFD /* Frameworks */,
			);
			sourceTree = "<group>";
		};
		EA72BA641F5F967500A74EEF /* Products */ = {
			isa = PBXGroup;
			children = (
				EA72BA631F5F967500A74EEF /* LocationTrackingDemo.app */,
				EA72BA7C1F5F967500A74EEF /* LocationTrackingDemoTests.xctest */,
				EA72BA871F5F967500A74EEF /* LocationTrackingDemoUITests.xctest */,
			);
			name = Products;
			sourceTree = "<group>";
		};
		EA72BA651F5F967500A74EEF /* LocationTrackingDemo */ = {
			isa = PBXGroup;
			children = (
				EA7D93701F60F7170064C95E /* delegate&constants */,
				EA7D93881F616C740064C95E /* ThreadSafe */,
				EA7D93811F615FE30064C95E /* SearchResultEntity */,
				EA7D937D1F6155D40064C95E /* SearchResultTableViewCell */,
				EA7D93791F61534E0064C95E /* CustomTableViewSource */,
				EA7D93721F60F7650064C95E /* GoogleMapManager */,
				EA7D93711F60F7430064C95E /* CustomView */,
				EA72BA6C1F5F967500A74EEF /* ViewController.h */,
				EA72BA6D1F5F967500A74EEF /* ViewController.m */,
				EA72BA661F5F967500A74EEF /* Supporting Files */,
			);
			path = LocationTrackingDemo;
			sourceTree = "<group>";
		};
		EA72BA661F5F967500A74EEF /* Supporting Files */ = {
			isa = PBXGroup;
			children = (
				EA72BA691F5F967500A74EEF /* AppDelegate.h */,
				EA72BA6A1F5F967500A74EEF /* AppDelegate.m */,
				EA72BA6F1F5F967500A74EEF /* Main.storyboard */,
				EA72BA721F5F967500A74EEF /* Assets.xcassets */,
				EA72BA741F5F967500A74EEF /* LaunchScreen.storyboard */,
				EA72BA771F5F967500A74EEF /* Info.plist */,
				EA72BA9E1F5FFA3100A74EEF /* AnimationViewController.h */,
				EA72BA9F1F5FFA3100A74EEF /* AnimationViewController.m */,
				EA72BA671F5F967500A74EEF /* main.m */,
				EA7D93761F60FEF80064C95E /* SupportManager.h */,
				EA7D93771F60FEF80064C95E /* SupportManager.m */,
			);
			name = "Supporting Files";
			sourceTree = "<group>";
		};
		EA72BA7F1F5F967500A74EEF /* LocationTrackingDemoTests */ = {
			isa = PBXGroup;
			children = (
				EA72BA801F5F967500A74EEF /* LocationTrackingDemoTests.m */,
				EA72BA821F5F967500A74EEF /* Info.plist */,
			);
			path = LocationTrackingDemoTests;
			sourceTree = "<group>";
		};
		EA72BA8A1F5F967500A74EEF /* LocationTrackingDemoUITests */ = {
			isa = PBXGroup;
			children = (
				EA72BA8B1F5F967500A74EEF /* LocationTrackingDemoUITests.m */,
				EA72BA8D1F5F967500A74EEF /* Info.plist */,
			);
			path = LocationTrackingDemoUITests;
			sourceTree = "<group>";
		};
		EA7D93701F60F7170064C95E /* delegate&constants */ = {
			isa = PBXGroup;
			children = (
				EA72BA9C1F5FE4E600A74EEF /* Constants.h */,
				EA7D93891F616CB60064C95E /* SearchResultsTableViewDelegate.h */,
				EA72BA9D1F5FE51F00A74EEF /* DirectionCustomViewDelegate.h */,
				EA69231B1F62B2FD008B9FF9 /* DetailCustomViewDelegate.h */,
				EADA1B991F667027005A4069 /* CompoboxCustomViewDelegate.h */,
			);
			name = "delegate&constants";
			sourceTree = "<group>";
		};
		EA7D93711F60F7430064C95E /* CustomView */ = {
			isa = PBXGroup;
			children = (
				EA72BA991F5FD56F00A74EEF /* DirectionCustomView.h */,
				EA72BA9A1F5FD56F00A74EEF /* DirectionCustomView.m */,
				EA6923181F62A5B8008B9FF9 /* DetailCustomView.h */,
				EA6923191F62A5B8008B9FF9 /* DetailCustomView.m */,
				EA331B571F6640A800A9415B /* SearchPlacesCustomView.h */,
				EA331B581F6640A800A9415B /* SearchPlacesCustomView.m */,
				EADA1B961F666C10005A4069 /* CompoboxCustomView.h */,
				EADA1B971F666C10005A4069 /* CompoboxCustomView.m */,
			);
			name = CustomView;
			sourceTree = "<group>";
		};
		EA7D93721F60F7650064C95E /* GoogleMapManager */ = {
			isa = PBXGroup;
			children = (
				EA7D93731F60F7840064C95E /* GoogleMapManager.h */,
				EA7D93741F60F7840064C95E /* GoogleMapManager.m */,
			);
			name = GoogleMapManager;
			sourceTree = "<group>";
		};
		EA7D93791F61534E0064C95E /* CustomTableViewSource */ = {
			isa = PBXGroup;
			children = (
				EA7D937A1F61537D0064C95E /* SearchResultsTableViewSource.h */,
				EA7D937B1F61537D0064C95E /* SearchResultsTableViewSource.m */,
				EADA1B9A1F6678BA005A4069 /* CompoboxTableViewSource.h */,
				EADA1B9B1F6678BA005A4069 /* CompoboxTableViewSource.m */,
			);
			name = CustomTableViewSource;
			sourceTree = "<group>";
		};
		EA7D937D1F6155D40064C95E /* SearchResultTableViewCell */ = {
			isa = PBXGroup;
			children = (
				EA7D937E1F6155FC0064C95E /* SearchResultTableViewCell.h */,
				EA7D937F1F6155FC0064C95E /* SearchResultTableViewCell.m */,
			);
			name = SearchResultTableViewCell;
			sourceTree = "<group>";
		};
		EA7D93811F615FE30064C95E /* SearchResultEntity */ = {
			isa = PBXGroup;
			children = (
				EA7D93821F615FFB0064C95E /* SearchResultEntity.h */,
				EA7D93831F615FFB0064C95E /* SearchResultEntity.m */,
				EA6923151F629F1A008B9FF9 /* DirectionDetailEntity.h */,
				EA6923161F629F1A008B9FF9 /* DirectionDetailEntity.m */,
				EADA1B9D1F66A829005A4069 /* SearchNearbyEntity.h */,
				EADA1B9E1F66A829005A4069 /* SearchNearbyEntity.m */,
			);
			name = SearchResultEntity;
			sourceTree = "<group>";
		};
		EA7D93881F616C740064C95E /* ThreadSafe */ = {
			isa = PBXGroup;
			children = (
				EA7D93851F6169B00064C95E /* ThreadSafeForMutableArray.h */,
				EA7D93861F6169B00064C95E /* ThreadSafeForMutableArray.m */,
			);
			name = ThreadSafe;
			sourceTree = "<group>";
		};
/* End PBXGroup section */

/* Begin PBXNativeTarget section */
		EA72BA621F5F967500A74EEF /* LocationTrackingDemo */ = {
			isa = PBXNativeTarget;
			buildConfigurationList = EA72BA901F5F967500A74EEF /* Build configuration list for PBXNativeTarget "LocationTrackingDemo" */;
			buildPhases = (
				D80BAC14DA39983EEB1C7F99 /* [CP] Check Pods Manifest.lock */,
				EA72BA5F1F5F967500A74EEF /* Sources */,
				EA72BA601F5F967500A74EEF /* Frameworks */,
				EA72BA611F5F967500A74EEF /* Resources */,
				0FF03BFB8012C4E02A537570 /* [CP] Embed Pods Frameworks */,
				51194773A45F8C002E35EA50 /* [CP] Copy Pods Resources */,
			);
			buildRules = (
			);
			dependencies = (
			);
			name = LocationTrackingDemo;
			productName = LocationTrackingDemo;
			productReference = EA72BA631F5F967500A74EEF /* LocationTrackingDemo.app */;
			productType = "com.apple.product-type.application";
		};
		EA72BA7B1F5F967500A74EEF /* LocationTrackingDemoTests */ = {
			isa = PBXNativeTarget;
			buildConfigurationList = EA72BA931F5F967500A74EEF /* Build configuration list for PBXNativeTarget "LocationTrackingDemoTests" */;
			buildPhases = (
				EA72BA781F5F967500A74EEF /* Sources */,
				EA72BA791F5F967500A74EEF /* Frameworks */,
				EA72BA7A1F5F967500A74EEF /* Resources */,
			);
			buildRules = (
			);
			dependencies = (
				EA72BA7E1F5F967500A74EEF /* PBXTargetDependency */,
			);
			name = LocationTrackingDemoTests;
			productName = LocationTrackingDemoTests;
			productReference = EA72BA7C1F5F967500A74EEF /* LocationTrackingDemoTests.xctest */;
			productType = "com.apple.product-type.bundle.unit-test";
		};
		EA72BA861F5F967500A74EEF /* LocationTrackingDemoUITests */ = {
			isa = PBXNativeTarget;
			buildConfigurationList = EA72BA961F5F967500A74EEF /* Build configuration list for PBXNativeTarget "LocationTrackingDemoUITests" */;
			buildPhases = (
				EA72BA831F5F967500A74EEF /* Sources */,
				EA72BA841F5F967500A74EEF /* Frameworks */,
				EA72BA851F5F967500A74EEF /* Resources */,
			);
			buildRules = (
			);
			dependencies = (
				EA72BA891F5F967500A74EEF /* PBXTargetDependency */,
			);
			name = LocationTrackingDemoUITests;
			productName = LocationTrackingDemoUITests;
			productReference = EA72BA871F5F967500A74EEF /* LocationTrackingDemoUITests.xctest */;
			productType = "com.apple.product-type.bundle.ui-testing";
		};
/* End PBXNativeTarget section */

/* Begin PBXProject section */
		EA72BA5B1F5F967500A74EEF /* Project object */ = {
			isa = PBXProject;
			attributes = {
				LastUpgradeCheck = 0830;
				ORGANIZATIONNAME = "Doan Van Vu";
				TargetAttributes = {
					EA72BA621F5F967500A74EEF = {
						CreatedOnToolsVersion = 8.3.3;
						DevelopmentTeam = 2FXVJFZPXW;
						ProvisioningStyle = Automatic;
					};
					EA72BA7B1F5F967500A74EEF = {
						CreatedOnToolsVersion = 8.3.3;
						ProvisioningStyle = Automatic;
						TestTargetID = EA72BA621F5F967500A74EEF;
					};
					EA72BA861F5F967500A74EEF = {
						CreatedOnToolsVersion = 8.3.3;
						ProvisioningStyle = Automatic;
						TestTargetID = EA72BA621F5F967500A74EEF;
					};
				};
			};
			buildConfigurationList = EA72BA5E1F5F967500A74EEF /* Build configuration list for PBXProject "LocationTrackingDemo" */;
			compatibilityVersion = "Xcode 3.2";
			developmentRegion = English;
			hasScannedForEncodings = 0;
			knownRegions = (
				en,
				Base,
			);
			mainGroup = EA72BA5A1F5F967500A74EEF;
			productRefGroup = EA72BA641F5F967500A74EEF /* Products */;
			projectDirPath = "";
			projectRoot = "";
			targets = (
				EA72BA621F5F967500A74EEF /* LocationTrackingDemo */,
				EA72BA7B1F5F967500A74EEF /* LocationTrackingDemoTests */,
				EA72BA861F5F967500A74EEF /* LocationTrackingDemoUITests */,
			);
		};
/* End PBXProject section */

/* Begin PBXResourcesBuildPhase section */
		EA72BA611F5F967500A74EEF /* Resources */ = {
			isa = PBXResourcesBuildPhase;
			buildActionMask = 2147483647;
			files = (
				EA72BA761F5F967500A74EEF /* LaunchScreen.storyboard in Resources */,
				EA72BA731F5F967500A74EEF /* Assets.xcassets in Resources */,
				EA72BA711F5F967500A74EEF /* Main.storyboard in Resources */,
			);
			runOnlyForDeploymentPostprocessing = 0;
		};
		EA72BA7A1F5F967500A74EEF /* Resources */ = {
			isa = PBXResourcesBuildPhase;
			buildActionMask = 2147483647;
			files = (
			);
			runOnlyForDeploymentPostprocessing = 0;
		};
		EA72BA851F5F967500A74EEF /* Resources */ = {
			isa = PBXResourcesBuildPhase;
			buildActionMask = 2147483647;
			files = (
			);
			runOnlyForDeploymentPostprocessing = 0;
		};
/* End PBXResourcesBuildPhase section */

/* Begin PBXShellScriptBuildPhase section */
		0FF03BFB8012C4E02A537570 /* [CP] Embed Pods Frameworks */ = {
			isa = PBXShellScriptBuildPhase;
			buildActionMask = 2147483647;
			files = (
			);
			inputPaths = (
			);
			name = "[CP] Embed Pods Frameworks";
			outputPaths = (
			);
			runOnlyForDeploymentPostprocessing = 0;
			shellPath = /bin/sh;
			shellScript = "\"${SRCROOT}/Pods/Target Support Files/Pods-LocationTrackingDemo/Pods-LocationTrackingDemo-frameworks.sh\"\n";
			showEnvVarsInLog = 0;
		};
		51194773A45F8C002E35EA50 /* [CP] Copy Pods Resources */ = {
			isa = PBXShellScriptBuildPhase;
			buildActionMask = 2147483647;
			files = (
			);
			inputPaths = (
			);
			name = "[CP] Copy Pods Resources";
			outputPaths = (
			);
			runOnlyForDeploymentPostprocessing = 0;
			shellPath = /bin/sh;
			shellScript = "\"${SRCROOT}/Pods/Target Support Files/Pods-LocationTrackingDemo/Pods-LocationTrackingDemo-resources.sh\"\n";
			showEnvVarsInLog = 0;
		};
		D80BAC14DA39983EEB1C7F99 /* [CP] Check Pods Manifest.lock */ = {
			isa = PBXShellScriptBuildPhase;
			buildActionMask = 2147483647;
			files = (
			);
			inputPaths = (
			);
			name = "[CP] Check Pods Manifest.lock";
			outputPaths = (
			);
			runOnlyForDeploymentPostprocessing = 0;
			shellPath = /bin/sh;
			shellScript = "diff \"${PODS_PODFILE_DIR_PATH}/Podfile.lock\" \"${PODS_ROOT}/Manifest.lock\" > /dev/null\nif [ $? != 0 ] ; then\n    # print error to STDERR\n    echo \"error: The sandbox is not in sync with the Podfile.lock. Run 'pod install' or update your CocoaPods installation.\" >&2\n    exit 1\nfi\n";
			showEnvVarsInLog = 0;
		};
/* End PBXShellScriptBuildPhase section */

/* Begin PBXSourcesBuildPhase section */
		EA72BA5F1F5F967500A74EEF /* Sources */ = {
			isa = PBXSourcesBuildPhase;
			buildActionMask = 2147483647;
			files = (
				EA72BA6E1F5F967500A74EEF /* ViewController.m in Sources */,
				EA331B591F6640A800A9415B /* SearchPlacesCustomView.m in Sources */,
				EA69231A1F62A5B8008B9FF9 /* DetailCustomView.m in Sources */,
				EA72BA6B1F5F967500A74EEF /* AppDelegate.m in Sources */,
				EA72BAA01F5FFA3100A74EEF /* AnimationViewController.m in Sources */,
				EA6923171F629F1A008B9FF9 /* DirectionDetailEntity.m in Sources */,
				EADA1B9F1F66A829005A4069 /* SearchNearbyEntity.m in Sources */,
				EADA1B981F666C10005A4069 /* CompoboxCustomView.m in Sources */,
				EA7D93841F615FFB0064C95E /* SearchResultEntity.m in Sources */,
				EA7D93781F60FEF80064C95E /* SupportManager.m in Sources */,
				EA7D93751F60F7840064C95E /* GoogleMapManager.m in Sources */,
				EA7D93871F6169B00064C95E /* ThreadSafeForMutableArray.m in Sources */,
				EA7D937C1F61537D0064C95E /* SearchResultsTableViewSource.m in Sources */,
				EA7D93801F6155FC0064C95E /* SearchResultTableViewCell.m in Sources */,
				EA72BA681F5F967500A74EEF /* main.m in Sources */,
				EA72BA9B1F5FD56F00A74EEF /* DirectionCustomView.m in Sources */,
				EADA1B9C1F6678BA005A4069 /* CompoboxTableViewSource.m in Sources */,
			);
			runOnlyForDeploymentPostprocessing = 0;
		};
		EA72BA781F5F967500A74EEF /* Sources */ = {
			isa = PBXSourcesBuildPhase;
			buildActionMask = 2147483647;
			files = (
				EA72BA811F5F967500A74EEF /* LocationTrackingDemoTests.m in Sources */,
			);
			runOnlyForDeploymentPostprocessing = 0;
		};
		EA72BA831F5F967500A74EEF /* Sources */ = {
			isa = PBXSourcesBuildPhase;
			buildActionMask = 2147483647;
			files = (
				EA72BA8C1F5F967500A74EEF /* LocationTrackingDemoUITests.m in Sources */,
			);
			runOnlyForDeploymentPostprocessing = 0;
		};
/* End PBXSourcesBuildPhase section */

/* Begin PBXTargetDependency section */
		EA72BA7E1F5F967500A74EEF /* PBXTargetDependency */ = {
			isa = PBXTargetDependency;
			target = EA72BA621F5F967500A74EEF /* LocationTrackingDemo */;
			targetProxy = EA72BA7D1F5F967500A74EEF /* PBXContainerItemProxy */;
		};
		EA72BA891F5F967500A74EEF /* PBXTargetDependency */ = {
			isa = PBXTargetDependency;
			target = EA72BA621F5F967500A74EEF /* LocationTrackingDemo */;
			targetProxy = EA72BA881F5F967500A74EEF /* PBXContainerItemProxy */;
		};
/* End PBXTargetDependency section */

/* Begin PBXVariantGroup section */
		EA72BA6F1F5F967500A74EEF /* Main.storyboard */ = {
			isa = PBXVariantGroup;
			children = (
				EA72BA701F5F967500A74EEF /* Base */,
			);
			name = Main.storyboard;
			sourceTree = "<group>";
		};
		EA72BA741F5F967500A74EEF /* LaunchScreen.storyboard */ = {
			isa = PBXVariantGroup;
			children = (
				EA72BA751F5F967500A74EEF /* Base */,
			);
			name = LaunchScreen.storyboard;
			sourceTree = "<group>";
		};
/* End PBXVariantGroup section */

/* Begin XCBuildConfiguration section */
		EA72BA8E1F5F967500A74EEF /* Debug */ = {
			isa = XCBuildConfiguration;
			buildSettings = {
				ALWAYS_SEARCH_USER_PATHS = NO;
				CLANG_ANALYZER_NONNULL = YES;
				CLANG_ANALYZER_NUMBER_OBJECT_CONVERSION = YES_AGGRESSIVE;
				CLANG_CXX_LANGUAGE_STANDARD = "gnu++0x";
				CLANG_CXX_LIBRARY = "libc++";
				CLANG_ENABLE_MODULES = YES;
				CLANG_ENABLE_OBJC_ARC = YES;
				CLANG_WARN_BOOL_CONVERSION = YES;
				CLANG_WARN_CONSTANT_CONVERSION = YES;
				CLANG_WARN_DIRECT_OBJC_ISA_USAGE = YES_ERROR;
				CLANG_WARN_DOCUMENTATION_COMMENTS = YES;
				CLANG_WARN_EMPTY_BODY = YES;
				CLANG_WARN_ENUM_CONVERSION = YES;
				CLANG_WARN_INFINITE_RECURSION = YES;
				CLANG_WARN_INT_CONVERSION = YES;
				CLANG_WARN_OBJC_ROOT_CLASS = YES_ERROR;
				CLANG_WARN_SUSPICIOUS_MOVE = YES;
				CLANG_WARN_UNREACHABLE_CODE = YES;
				CLANG_WARN__DUPLICATE_METHOD_MATCH = YES;
				"CODE_SIGN_IDENTITY[sdk=iphoneos*]" = "iPhone Developer";
				COPY_PHASE_STRIP = NO;
				DEBUG_INFORMATION_FORMAT = dwarf;
				ENABLE_STRICT_OBJC_MSGSEND = YES;
				ENABLE_TESTABILITY = YES;
				GCC_C_LANGUAGE_STANDARD = gnu99;
				GCC_DYNAMIC_NO_PIC = NO;
				GCC_NO_COMMON_BLOCKS = YES;
				GCC_OPTIMIZATION_LEVEL = 0;
				GCC_PREPROCESSOR_DEFINITIONS = (
					"DEBUG=1",
					"$(inherited)",
				);
				GCC_WARN_64_TO_32_BIT_CONVERSION = YES;
				GCC_WARN_ABOUT_RETURN_TYPE = YES_ERROR;
				GCC_WARN_UNDECLARED_SELECTOR = YES;
				GCC_WARN_UNINITIALIZED_AUTOS = YES_AGGRESSIVE;
				GCC_WARN_UNUSED_FUNCTION = YES;
				GCC_WARN_UNUSED_VARIABLE = YES;
				IPHONEOS_DEPLOYMENT_TARGET = 8.0;
				MTL_ENABLE_DEBUG_INFO = YES;
				ONLY_ACTIVE_ARCH = YES;
				SDKROOT = iphoneos;
				TARGETED_DEVICE_FAMILY = "1,2";
			};
			name = Debug;
		};
		EA72BA8F1F5F967500A74EEF /* Release */ = {
			isa = XCBuildConfiguration;
			buildSettings = {
				ALWAYS_SEARCH_USER_PATHS = NO;
				CLANG_ANALYZER_NONNULL = YES;
				CLANG_ANALYZER_NUMBER_OBJECT_CONVERSION = YES_AGGRESSIVE;
				CLANG_CXX_LANGUAGE_STANDARD = "gnu++0x";
				CLANG_CXX_LIBRARY = "libc++";
				CLANG_ENABLE_MODULES = YES;
				CLANG_ENABLE_OBJC_ARC = YES;
				CLANG_WARN_BOOL_CONVERSION = YES;
				CLANG_WARN_CONSTANT_CONVERSION = YES;
				CLANG_WARN_DIRECT_OBJC_ISA_USAGE = YES_ERROR;
				CLANG_WARN_DOCUMENTATION_COMMENTS = YES;
				CLANG_WARN_EMPTY_BODY = YES;
				CLANG_WARN_ENUM_CONVERSION = YES;
				CLANG_WARN_INFINITE_RECURSION = YES;
				CLANG_WARN_INT_CONVERSION = YES;
				CLANG_WARN_OBJC_ROOT_CLASS = YES_ERROR;
				CLANG_WARN_SUSPICIOUS_MOVE = YES;
				CLANG_WARN_UNREACHABLE_CODE = YES;
				CLANG_WARN__DUPLICATE_METHOD_MATCH = YES;
				"CODE_SIGN_IDENTITY[sdk=iphoneos*]" = "iPhone Developer";
				COPY_PHASE_STRIP = NO;
				DEBUG_INFORMATION_FORMAT = "dwarf-with-dsym";
				ENABLE_NS_ASSERTIONS = NO;
				ENABLE_STRICT_OBJC_MSGSEND = YES;
				GCC_C_LANGUAGE_STANDARD = gnu99;
				GCC_NO_COMMON_BLOCKS = YES;
				GCC_WARN_64_TO_32_BIT_CONVERSION = YES;
				GCC_WARN_ABOUT_RETURN_TYPE = YES_ERROR;
				GCC_WARN_UNDECLARED_SELECTOR = YES;
				GCC_WARN_UNINITIALIZED_AUTOS = YES_AGGRESSIVE;
				GCC_WARN_UNUSED_FUNCTION = YES;
				GCC_WARN_UNUSED_VARIABLE = YES;
				IPHONEOS_DEPLOYMENT_TARGET = 8.0;
				MTL_ENABLE_DEBUG_INFO = NO;
				SDKROOT = iphoneos;
				TARGETED_DEVICE_FAMILY = "1,2";
				VALIDATE_PRODUCT = YES;
			};
			name = Release;
		};
		EA72BA911F5F967500A74EEF /* Debug */ = {
			isa = XCBuildConfiguration;
			baseConfigurationReference = 43F6D66067A82774E6C4DA5D /* Pods-LocationTrackingDemo.debug.xcconfig */;
			buildSettings = {
				ASSETCATALOG_COMPILER_APPICON_NAME = AppIcon;
				DEVELOPMENT_TEAM = 2FXVJFZPXW;
				INFOPLIST_FILE = LocationTrackingDemo/Info.plist;
				LD_RUNPATH_SEARCH_PATHS = "$(inherited) @executable_path/Frameworks";
				PRODUCT_BUNDLE_IDENTIFIER = VNG.LocationTrackingDemo;
				PRODUCT_NAME = "$(TARGET_NAME)";
			};
			name = Debug;
		};
		EA72BA921F5F967500A74EEF /* Release */ = {
			isa = XCBuildConfiguration;
			baseConfigurationReference = 8D50E617F41BCDDF95A11D92 /* Pods-LocationTrackingDemo.release.xcconfig */;
			buildSettings = {
				ASSETCATALOG_COMPILER_APPICON_NAME = AppIcon;
				DEVELOPMENT_TEAM = 2FXVJFZPXW;
				INFOPLIST_FILE = LocationTrackingDemo/Info.plist;
				LD_RUNPATH_SEARCH_PATHS = "$(inherited) @executable_path/Frameworks";
				PRODUCT_BUNDLE_IDENTIFIER = VNG.LocationTrackingDemo;
				PRODUCT_NAME = "$(TARGET_NAME)";
			};
			name = Release;
		};
		EA72BA941F5F967500A74EEF /* Debug */ = {
			isa = XCBuildConfiguration;
			buildSettings = {
				BUNDLE_LOADER = "$(TEST_HOST)";
				INFOPLIST_FILE = LocationTrackingDemoTests/Info.plist;
				LD_RUNPATH_SEARCH_PATHS = "$(inherited) @executable_path/Frameworks @loader_path/Frameworks";
				PRODUCT_BUNDLE_IDENTIFIER = VNG.LocationTrackingDemoTests;
				PRODUCT_NAME = "$(TARGET_NAME)";
				TEST_HOST = "$(BUILT_PRODUCTS_DIR)/LocationTrackingDemo.app/LocationTrackingDemo";
			};
			name = Debug;
		};
		EA72BA951F5F967500A74EEF /* Release */ = {
			isa = XCBuildConfiguration;
			buildSettings = {
				BUNDLE_LOADER = "$(TEST_HOST)";
				INFOPLIST_FILE = LocationTrackingDemoTests/Info.plist;
				LD_RUNPATH_SEARCH_PATHS = "$(inherited) @executable_path/Frameworks @loader_path/Frameworks";
				PRODUCT_BUNDLE_IDENTIFIER = VNG.LocationTrackingDemoTests;
				PRODUCT_NAME = "$(TARGET_NAME)";
				TEST_HOST = "$(BUILT_PRODUCTS_DIR)/LocationTrackingDemo.app/LocationTrackingDemo";
			};
			name = Release;
		};
		EA72BA971F5F967500A74EEF /* Debug */ = {
			isa = XCBuildConfiguration;
			buildSettings = {
				INFOPLIST_FILE = LocationTrackingDemoUITests/Info.plist;
				LD_RUNPATH_SEARCH_PATHS = "$(inherited) @executable_path/Frameworks @loader_path/Frameworks";
				PRODUCT_BUNDLE_IDENTIFIER = VNG.LocationTrackingDemoUITests;
				PRODUCT_NAME = "$(TARGET_NAME)";
				TEST_TARGET_NAME = LocationTrackingDemo;
			};
			name = Debug;
		};
		EA72BA981F5F967500A74EEF /* Release */ = {
			isa = XCBuildConfiguration;
			buildSettings = {
				INFOPLIST_FILE = LocationTrackingDemoUITests/Info.plist;
				LD_RUNPATH_SEARCH_PATHS = "$(inherited) @executable_path/Frameworks @loader_path/Frameworks";
				PRODUCT_BUNDLE_IDENTIFIER = VNG.LocationTrackingDemoUITests;
				PRODUCT_NAME = "$(TARGET_NAME)";
				TEST_TARGET_NAME = LocationTrackingDemo;
			};
			name = Release;
		};
/* End XCBuildConfiguration section */

/* Begin XCConfigurationList section */
		EA72BA5E1F5F967500A74EEF /* Build configuration list for PBXProject "LocationTrackingDemo" */ = {
			isa = XCConfigurationList;
			buildConfigurations = (
				EA72BA8E1F5F967500A74EEF /* Debug */,
				EA72BA8F1F5F967500A74EEF /* Release */,
			);
			defaultConfigurationIsVisible = 0;
			defaultConfigurationName = Release;
		};
		EA72BA901F5F967500A74EEF /* Build configuration list for PBXNativeTarget "LocationTrackingDemo" */ = {
			isa = XCConfigurationList;
			buildConfigurations = (
				EA72BA911F5F967500A74EEF /* Debug */,
				EA72BA921F5F967500A74EEF /* Release */,
			);
			defaultConfigurationIsVisible = 0;
			defaultConfigurationName = Release;
		};
		EA72BA931F5F967500A74EEF /* Build configuration list for PBXNativeTarget "LocationTrackingDemoTests" */ = {
			isa = XCConfigurationList;
			buildConfigurations = (
				EA72BA941F5F967500A74EEF /* Debug */,
				EA72BA951F5F967500A74EEF /* Release */,
			);
			defaultConfigurationIsVisible = 0;
			defaultConfigurationName = Release;
		};
		EA72BA961F5F967500A74EEF /* Build configuration list for PBXNativeTarget "LocationTrackingDemoUITests" */ = {
			isa = XCConfigurationList;
			buildConfigurations = (
				EA72BA971F5F967500A74EEF /* Debug */,
				EA72BA981F5F967500A74EEF /* Release */,
			);
			defaultConfigurationIsVisible = 0;
			defaultConfigurationName = Release;
		};
/* End XCConfigurationList section */
	};
	rootObject = EA72BA5B1F5F967500A74EEF /* Project object */;
}
